
Microsoft Visual Studio Solution File, Format Version 12.00
# Visual Studio Version 16
VisualStudioVersion = 16.0.30907.101
MinimumVisualStudioVersion = 10.0.40219.1
Project("{9A19103F-16F7-4668-BE54-9A1E7A4F7556}") = "Prediktor.Log", "Prediktor.Log\Prediktor.Log.csproj", "{F8668E99-0A51-4E5C-BEA2-2425096811B3}"
EndProject
Project("{9A19103F-16F7-4668-BE54-9A1E7A4F7556}") = "Prediktor.Log4Net", "Prediktor.Log4Net\Prediktor.Log4Net.csproj", "{73CBB5A6-9342-448B-A37A-39DD3737BB93}"
EndProject
Global
	GlobalSection(SolutionConfigurationPlatforms) = preSolution
		Debug|Any CPU = Debug|Any CPU
		Release|Any CPU = Release|Any CPU
	EndGlobalSection
	GlobalSection(ProjectConfigurationPlatforms) = postSolution
		{F8668E99-0A51-4E5C-BEA2-2425096811B3}.Debug|Any CPU.ActiveCfg = Debug|Any CPU
		{F8668E99-0A51-4E5C-BEA2-2425096811B3}.Debug|Any CPU.Build.0 = Debug|Any CPU
		{F8668E99-0A51-4E5C-BEA2-2425096811B3}.Release|Any CPU.ActiveCfg = Release|Any CPU
		{F8668E99-0A51-4E5C-BEA2-2425096811B3}.Release|Any CPU.Build.0 = Release|Any CPU
		{73CBB5A6-9342-448B-A37A-39DD3737BB93}.Debug|Any CPU.ActiveCfg = Debug|Any CPU
		{73CBB5A6-9342-448B-A37A-39DD3737BB93}.Debug|Any CPU.Build.0 = Debug|Any CPU
		{73CBB5A6-9342-448B-A37A-39DD3737BB93}.Release|Any CPU.ActiveCfg = Release|Any CPU
		{73CBB5A6-9342-448B-A37A-39DD3737BB93}.Release|Any CPU.Build.0 = Release|Any CPU
	EndGlobalSection
	GlobalSection(SolutionProperties) = preSolution
		HideSolutionNode = FALSE
	EndGlobalSection
	GlobalSection(ExtensibilityGlobals) = postSolution
		SolutionGuid = {5BCD3687-5877-4092-97C7-A29183F10754}
	EndGlobalSection
EndGlobal
